
Microsoft Visual Studio Solution File, Format Version 12.00
# Visual Studio Version 16
VisualStudioVersion = 16.0.33801.447
MinimumVisualStudioVersion = 10.0.40219.1
Project("{FAE04EC0-301F-11D3-BF4B-00C04F79EFBC}") = "PM1_020_ilichev", "PM1_020_ilichev\PM1_020_ilichev.csproj", "{A25F6DE6-074D-44D9-A1F0-04E440BCC91D}"
EndProject
Global
	GlobalSection(SolutionConfigurationPlatforms) = preSolution
		Debug|Any CPU = Debug|Any CPU
		Release|Any CPU = Release|Any CPU
	EndGlobalSection
	GlobalSection(ProjectConfigurationPlatforms) = postSolution
		{A25F6DE6-074D-44D9-A1F0-04E440BCC91D}.Debug|Any CPU.ActiveCfg = Debug|Any CPU
		{A25F6DE6-074D-44D9-A1F0-04E440BCC91D}.Debug|Any CPU.Build.0 = Debug|Any CPU
		{A25F6DE6-074D-44D9-A1F0-04E440BCC91D}.Release|Any CPU.ActiveCfg = Release|Any CPU
		{A25F6DE6-074D-44D9-A1F0-04E440BCC91D}.Release|Any CPU.Build.0 = Release|Any CPU
	EndGlobalSection
	GlobalSection(SolutionProperties) = preSolution
		HideSolutionNode = FALSE
	EndGlobalSection
	GlobalSection(ExtensibilityGlobals) = postSolution
		SolutionGuid = {321D9B07-BD32-4F90-B038-4E064A810596}
	EndGlobalSection
EndGlobal
